<?xml version="1.0" encoding="utf-8"?>
<Project ToolsVersion="4.0" xmlns="http://schemas.microsoft.com/developer/msbuild/2003">
  <ItemGroup>
    <Filter Include="src">
      <UniqueIdentifier>{4FC737F1-C7A5-4376-A066-2A32D752A2FF}</UniqueIdentifier>
      <Extensions>cpp;c;cc;cxx;def;odl;idl;hpj;bat;asm;asmx</Extensions>
    </Filter>
    <Filter Include="src\Common">
      <UniqueIdentifier>{04be7148-f10c-4b2e-a239-42bdf2a15864}</UniqueIdentifier>
    </Filter>
  </ItemGroup>
  <ItemGroup>
    <ClCompile Include="pch.cpp">
      <Filter>src</Filter>
    </ClCompile>
    <ClCompile Include="Compiler.cpp">
      <Filter>src</Filter>
    </ClCompile>
    <ClCompile Include="Source.cpp">
      <Filter>src</Filter>
    </ClCompile>
    <ClCompile Include="Assembly.cpp">
      <Filter>src</Filter>
    </ClCompile>
    <ClCompile Include="Common\String.cpp">
      <Filter>src\Common</Filter>
    </ClCompile>
    <ClCompile Include="Token.cpp">
      <Filter>src</Filter>
    </ClCompile>
    <ClCompile Include="Parser.cpp">
      <Filter>src</Filter>
    </ClCompile>
  </ItemGroup>
  <ItemGroup>
    <ClInclude Include="pch.h">
      <Filter>src</Filter>
    </ClInclude>
    <ClInclude Include="Common.h">
      <Filter>src</Filter>
    </ClInclude>
    <ClInclude Include="Common\Imports.h">
      <Filter>src\Common</Filter>
    </ClInclude>
    <ClInclude Include="Common\Macros.h">
      <Filter>src\Common</Filter>
    </ClInclude>
    <ClInclude Include="Common\File.h">
      <Filter>src\Common</Filter>
    </ClInclude>
    <ClInclude Include="Compiler.h">
      <Filter>src</Filter>
    </ClInclude>
    <ClInclude Include="IBinaryOutput.h">
      <Filter>src</Filter>
    </ClInclude>
    <ClInclude Include="Assembly.h">
      <Filter>src</Filter>
    </ClInclude>
    <ClInclude Include="Source.h">
      <Filter>src</Filter>
    </ClInclude>
    <ClInclude Include="TokenStream.h">
      <Filter>src</Filter>
    </ClInclude>
    <ClInclude Include="Common\String.h">
      <Filter>src\Common</Filter>
    </ClInclude>
    <ClInclude Include="Common\Algorithm.h">
      <Filter>src\Common</Filter>
    </ClInclude>
    <ClInclude Include="Token.h">
      <Filter>src</Filter>
    </ClInclude>
    <ClInclude Include="System.h">
      <Filter>src\Common</Filter>
    </ClInclude>
    <ClInclude Include="Diagnostic.h">
      <Filter>src</Filter>
    </ClInclude>
    <ClInclude Include="Reporter.h">
      <Filter>src</Filter>
    </ClInclude>
    <ClInclude Include="Parser.h">
      <Filter>src</Filter>
    </ClInclude>
  </ItemGroup>
  <ItemGroup>
    <None Include="packages.config" />
  </ItemGroup>
</Project>